
Microsoft Visual Studio Solution File, Format Version 12.00
# Visual Studio Version 16
VisualStudioVersion = 16.0.31624.102
MinimumVisualStudioVersion = 10.0.40219.1
Project("{FAE04EC0-301F-11D3-BF4B-00C04F79EFBC}") = "Супергерої_залік", "Супергерої_залік.csproj", "{4ECF8B11-5385-41F7-ADBE-FC0F676A2093}"
EndProject
Global
	GlobalSection(SolutionConfigurationPlatforms) = preSolution
		Debug|Any CPU = Debug|Any CPU
		Release|Any CPU = Release|Any CPU
	EndGlobalSection
	GlobalSection(ProjectConfigurationPlatforms) = postSolution
		{4ECF8B11-5385-41F7-ADBE-FC0F676A2093}.Debug|Any CPU.ActiveCfg = Debug|Any CPU
		{4ECF8B11-5385-41F7-ADBE-FC0F676A2093}.Debug|Any CPU.Build.0 = Debug|Any CPU
		{4ECF8B11-5385-41F7-ADBE-FC0F676A2093}.Release|Any CPU.ActiveCfg = Release|Any CPU
		{4ECF8B11-5385-41F7-ADBE-FC0F676A2093}.Release|Any CPU.Build.0 = Release|Any CPU
	EndGlobalSection
	GlobalSection(SolutionProperties) = preSolution
		HideSolutionNode = FALSE
	EndGlobalSection
	GlobalSection(ExtensibilityGlobals) = postSolution
		SolutionGuid = {B82591CF-ACF2-4E88-B916-52A8A0EE4914}
	EndGlobalSection
EndGlobal
