
Microsoft Visual Studio Solution File, Format Version 12.00
# Visual Studio Version 16
VisualStudioVersion = 16.0.31624.102
MinimumVisualStudioVersion = 10.0.40219.1
Project("{FAE04EC0-301F-11D3-BF4B-00C04F79EFBC}") = "Лаба1_залік", "Лаба1_залік.csproj", "{AD519B97-FC50-44B6-9577-591972710BF5}"
EndProject
Global
	GlobalSection(SolutionConfigurationPlatforms) = preSolution
		Debug|Any CPU = Debug|Any CPU
		Release|Any CPU = Release|Any CPU
	EndGlobalSection
	GlobalSection(ProjectConfigurationPlatforms) = postSolution
		{AD519B97-FC50-44B6-9577-591972710BF5}.Debug|Any CPU.ActiveCfg = Debug|Any CPU
		{AD519B97-FC50-44B6-9577-591972710BF5}.Debug|Any CPU.Build.0 = Debug|Any CPU
		{AD519B97-FC50-44B6-9577-591972710BF5}.Release|Any CPU.ActiveCfg = Release|Any CPU
		{AD519B97-FC50-44B6-9577-591972710BF5}.Release|Any CPU.Build.0 = Release|Any CPU
	EndGlobalSection
	GlobalSection(SolutionProperties) = preSolution
		HideSolutionNode = FALSE
	EndGlobalSection
	GlobalSection(ExtensibilityGlobals) = postSolution
		SolutionGuid = {219B1158-2B53-4A52-92C7-F3868034FF11}
	EndGlobalSection
EndGlobal
